
Microsoft Visual Studio Solution File, Format Version 12.00
# Visual Studio Version 16
VisualStudioVersion = 16.0.31105.61
MinimumVisualStudioVersion = 10.0.40219.1
Project("{9A19103F-16F7-4668-BE54-9A1E7A4F7556}") = "Play.Catalog.Service", "Play.Catalog\src\Play.Catalog.Service\Play.Catalog.Service.csproj", "{C039A6C6-4D79-49D8-ACAE-CBA8199E9A47}"
EndProject
Project("{9A19103F-16F7-4668-BE54-9A1E7A4F7556}") = "Play.Common", "Play.Common\src\Play.Common\Play.Common.csproj", "{1FAF9844-9176-44C1-BE98-2EC29F8201C7}"
EndProject
Global
	GlobalSection(SolutionConfigurationPlatforms) = preSolution
		Debug|Any CPU = Debug|Any CPU
		Release|Any CPU = Release|Any CPU
	EndGlobalSection
	GlobalSection(ProjectConfigurationPlatforms) = postSolution
		{C039A6C6-4D79-49D8-ACAE-CBA8199E9A47}.Debug|Any CPU.ActiveCfg = Debug|Any CPU
		{C039A6C6-4D79-49D8-ACAE-CBA8199E9A47}.Debug|Any CPU.Build.0 = Debug|Any CPU
		{C039A6C6-4D79-49D8-ACAE-CBA8199E9A47}.Release|Any CPU.ActiveCfg = Release|Any CPU
		{C039A6C6-4D79-49D8-ACAE-CBA8199E9A47}.Release|Any CPU.Build.0 = Release|Any CPU
		{1FAF9844-9176-44C1-BE98-2EC29F8201C7}.Debug|Any CPU.ActiveCfg = Debug|Any CPU
		{1FAF9844-9176-44C1-BE98-2EC29F8201C7}.Debug|Any CPU.Build.0 = Debug|Any CPU
		{1FAF9844-9176-44C1-BE98-2EC29F8201C7}.Release|Any CPU.ActiveCfg = Release|Any CPU
		{1FAF9844-9176-44C1-BE98-2EC29F8201C7}.Release|Any CPU.Build.0 = Release|Any CPU
	EndGlobalSection
	GlobalSection(SolutionProperties) = preSolution
		HideSolutionNode = FALSE
	EndGlobalSection
	GlobalSection(ExtensibilityGlobals) = postSolution
		SolutionGuid = {D793E158-B256-4EF0-8F33-7233EEEE6871}
	EndGlobalSection
EndGlobal
