
Microsoft Visual Studio Solution File, Format Version 12.00
# Visual Studio Version 16
VisualStudioVersion = 16.0.31105.61
MinimumVisualStudioVersion = 10.0.40219.1
Project("{9A19103F-16F7-4668-BE54-9A1E7A4F7556}") = "Play.Catalog.Service", "Play.Catalog.Service.csproj", "{D59753BB-7AF2-4809-A3EE-C86BBC30C410}"
EndProject
Global
	GlobalSection(SolutionConfigurationPlatforms) = preSolution
		Debug|Any CPU = Debug|Any CPU
		Release|Any CPU = Release|Any CPU
	EndGlobalSection
	GlobalSection(ProjectConfigurationPlatforms) = postSolution
		{D59753BB-7AF2-4809-A3EE-C86BBC30C410}.Debug|Any CPU.ActiveCfg = Debug|Any CPU
		{D59753BB-7AF2-4809-A3EE-C86BBC30C410}.Debug|Any CPU.Build.0 = Debug|Any CPU
		{D59753BB-7AF2-4809-A3EE-C86BBC30C410}.Release|Any CPU.ActiveCfg = Release|Any CPU
		{D59753BB-7AF2-4809-A3EE-C86BBC30C410}.Release|Any CPU.Build.0 = Release|Any CPU
	EndGlobalSection
	GlobalSection(SolutionProperties) = preSolution
		HideSolutionNode = FALSE
	EndGlobalSection
	GlobalSection(ExtensibilityGlobals) = postSolution
		SolutionGuid = {D793E158-B256-4EF0-8F33-7233EEEE6871}
	EndGlobalSection
EndGlobal
